// !$*UTF8*$!
{
	archiveVersion = 1;
	classes = {
	};
	objectVersion = 50;
	objects = {

/* Begin PBXBuildFile section */
		5B22CA6A217623E900A02CAC /* RWPickFlavor.h in Headers */ = {isa = PBXBuildFile; fileRef = 5B22CA68217623E900A02CAC /* RWPickFlavor.h */; settings = {ATTRIBUTES = (Public, ); }; };
		5B22CA8621762A0F00A02CAC /* Flavor.swift in Sources */ = {isa = PBXBuildFile; fileRef = 5B22CA7821762A0F00A02CAC /* Flavor.swift */; };
		5B22CA8721762A0F00A02CAC /* RGBAColorFromString.swift in Sources */ = {isa = PBXBuildFile; fileRef = 5B22CA7A21762A0F00A02CAC /* RGBAColorFromString.swift */; };
		5B22CA8821762A0F00A02CAC /* PickFlavorViewController.swift in Sources */ = {isa = PBXBuildFile; fileRef = 5B22CA7C21762A0F00A02CAC /* PickFlavorViewController.swift */; };
		5B22CA8921762A0F00A02CAC /* PickFlavorDataSource.swift in Sources */ = {isa = PBXBuildFile; fileRef = 5B22CA7D21762A0F00A02CAC /* PickFlavorDataSource.swift */; };
		5B22CA8A21762A0F00A02CAC /* ScoopCell.swift in Sources */ = {isa = PBXBuildFile; fileRef = 5B22CA7F21762A0F00A02CAC /* ScoopCell.swift */; };
		5B22CA8B21762A0F00A02CAC /* ScoopView.swift in Sources */ = {isa = PBXBuildFile; fileRef = 5B22CA8021762A0F00A02CAC /* ScoopView.swift */; };
		5B22CA8C21762A0F00A02CAC /* Main.storyboard in Resources */ = {isa = PBXBuildFile; fileRef = 5B22CA8121762A0F00A02CAC /* Main.storyboard */; };
		5B22CA8D21762A0F00A02CAC /* IceCreamView.swift in Sources */ = {isa = PBXBuildFile; fileRef = 5B22CA8321762A0F00A02CAC /* IceCreamView.swift */; };
		5B22CA8E21762A0F00A02CAC /* Images.xcassets in Resources */ = {isa = PBXBuildFile; fileRef = 5B22CA8521762A0F00A02CAC /* Images.xcassets */; };
		8BF90B9A1AC0EFF3EBEC1E9F /* libPods-RWPickFlavor.a in Frameworks */ = {isa = PBXBuildFile; fileRef = E1AAB6A565877B0474AE510B /* libPods-RWPickFlavor.a */; };
/* End PBXBuildFile section */

/* Begin PBXFileReference section */
		47AB8FF741616B1EEEE8C9D6 /* Pods-RWPickFlavor.release.xcconfig */ = {isa = PBXFileReference; includeInIndex = 1; lastKnownFileType = text.xcconfig; name = "Pods-RWPickFlavor.release.xcconfig"; path = "Pods/Target Support Files/Pods-RWPickFlavor/Pods-RWPickFlavor.release.xcconfig"; sourceTree = "<group>"; };
		5B22CA65217623E900A02CAC /* RWPickFlavor.framework */ = {isa = PBXFileReference; explicitFileType = wrapper.framework; includeInIndex = 0; path = RWPickFlavor.framework; sourceTree = BUILT_PRODUCTS_DIR; };
		5B22CA68217623E900A02CAC /* RWPickFlavor.h */ = {isa = PBXFileReference; lastKnownFileType = sourcecode.c.h; path = RWPickFlavor.h; sourceTree = "<group>"; };
		5B22CA69217623E900A02CAC /* Info.plist */ = {isa = PBXFileReference; lastKnownFileType = text.plist.xml; path = Info.plist; sourceTree = "<group>"; };
		5B22CA7821762A0F00A02CAC /* Flavor.swift */ = {isa = PBXFileReference; fileEncoding = 4; lastKnownFileType = sourcecode.swift; path = Flavor.swift; sourceTree = "<group>"; };
		5B22CA7A21762A0F00A02CAC /* RGBAColorFromString.swift */ = {isa = PBXFileReference; fileEncoding = 4; lastKnownFileType = sourcecode.swift; path = RGBAColorFromString.swift; sourceTree = "<group>"; };
		5B22CA7C21762A0F00A02CAC /* PickFlavorViewController.swift */ = {isa = PBXFileReference; fileEncoding = 4; lastKnownFileType = sourcecode.swift; path = PickFlavorViewController.swift; sourceTree = "<group>"; };
		5B22CA7D21762A0F00A02CAC /* PickFlavorDataSource.swift */ = {isa = PBXFileReference; fileEncoding = 4; lastKnownFileType = sourcecode.swift; path = PickFlavorDataSource.swift; sourceTree = "<group>"; };
		5B22CA7F21762A0F00A02CAC /* ScoopCell.swift */ = {isa = PBXFileReference; fileEncoding = 4; lastKnownFileType = sourcecode.swift; path = ScoopCell.swift; sourceTree = "<group>"; };
		5B22CA8021762A0F00A02CAC /* ScoopView.swift */ = {isa = PBXFileReference; fileEncoding = 4; lastKnownFileType = sourcecode.swift; path = ScoopView.swift; sourceTree = "<group>"; };
		5B22CA8221762A0F00A02CAC /* Base */ = {isa = PBXFileReference; lastKnownFileType = file.storyboard; name = Base; path = Base.lproj/Main.storyboard; sourceTree = "<group>"; };
		5B22CA8321762A0F00A02CAC /* IceCreamView.swift */ = {isa = PBXFileReference; fileEncoding = 4; lastKnownFileType = sourcecode.swift; path = IceCreamView.swift; sourceTree = "<group>"; };
		5B22CA8521762A0F00A02CAC /* Images.xcassets */ = {isa = PBXFileReference; lastKnownFileType = folder.assetcatalog; path = Images.xcassets; sourceTree = "<group>"; };
		72F955FB109F3C9FCA5F23B1 /* Pods-RWPickFlavor.debug.xcconfig */ = {isa = PBXFileReference; includeInIndex = 1; lastKnownFileType = text.xcconfig; name = "Pods-RWPickFlavor.debug.xcconfig"; path = "Pods/Target Support Files/Pods-RWPickFlavor/Pods-RWPickFlavor.debug.xcconfig"; sourceTree = "<group>"; };
		E1AAB6A565877B0474AE510B /* libPods-RWPickFlavor.a */ = {isa = PBXFileReference; explicitFileType = archive.ar; includeInIndex = 0; path = "libPods-RWPickFlavor.a"; sourceTree = BUILT_PRODUCTS_DIR; };
/* End PBXFileReference section */

/* Begin PBXFrameworksBuildPhase section */
		5B22CA62217623E900A02CAC /* Frameworks */ = {
			isa = PBXFrameworksBuildPhase;
			buildActionMask = 2147483647;
			files = (
				8BF90B9A1AC0EFF3EBEC1E9F /* libPods-RWPickFlavor.a in Frameworks */,
			);
			runOnlyForDeploymentPostprocessing = 0;
		};
/* End PBXFrameworksBuildPhase section */

/* Begin PBXGroup section */
		3BFC391579E3F675CB944428 /* Pods */ = {
			isa = PBXGroup;
			children = (
				72F955FB109F3C9FCA5F23B1 /* Pods-RWPickFlavor.debug.xcconfig */,
				47AB8FF741616B1EEEE8C9D6 /* Pods-RWPickFlavor.release.xcconfig */,
			);
			name = Pods;
			sourceTree = "<group>";
		};
		5B22CA5B217623E900A02CAC = {
			isa = PBXGroup;
			children = (
				5B22CA67217623E900A02CAC /* RWPickFlavor */,
				5B22CA66217623E900A02CAC /* Products */,
				3BFC391579E3F675CB944428 /* Pods */,
				79F8D957A1612D617B4B8C98 /* Frameworks */,
			);
			sourceTree = "<group>";
		};
		5B22CA66217623E900A02CAC /* Products */ = {
			isa = PBXGroup;
			children = (
				5B22CA65217623E900A02CAC /* RWPickFlavor.framework */,
			);
			name = Products;
			sourceTree = "<group>";
		};
		5B22CA67217623E900A02CAC /* RWPickFlavor */ = {
			isa = PBXGroup;
			children = (
				5B22CA7921762A0F00A02CAC /* Categories */,
				5B22CA7B21762A0F00A02CAC /* Controllers */,
				5B22CA7721762A0F00A02CAC /* Models */,
				5B22CA8421762A0F00A02CAC /* Resources */,
				5B22CA7E21762A0F00A02CAC /* Views */,
				5B22CA68217623E900A02CAC /* RWPickFlavor.h */,
				5B22CA69217623E900A02CAC /* Info.plist */,
			);
			path = RWPickFlavor;
			sourceTree = "<group>";
		};
		5B22CA7721762A0F00A02CAC /* Models */ = {
			isa = PBXGroup;
			children = (
				5B22CA7821762A0F00A02CAC /* Flavor.swift */,
			);
			path = Models;
			sourceTree = "<group>";
		};
		5B22CA7921762A0F00A02CAC /* Categories */ = {
			isa = PBXGroup;
			children = (
				5B22CA7A21762A0F00A02CAC /* RGBAColorFromString.swift */,
			);
			path = Categories;
			sourceTree = "<group>";
		};
		5B22CA7B21762A0F00A02CAC /* Controllers */ = {
			isa = PBXGroup;
			children = (
				5B22CA7C21762A0F00A02CAC /* PickFlavorViewController.swift */,
				5B22CA7D21762A0F00A02CAC /* PickFlavorDataSource.swift */,
			);
			path = Controllers;
			sourceTree = "<group>";
		};
		5B22CA7E21762A0F00A02CAC /* Views */ = {
			isa = PBXGroup;
			children = (
				5B22CA7F21762A0F00A02CAC /* ScoopCell.swift */,
				5B22CA8021762A0F00A02CAC /* ScoopView.swift */,
				5B22CA8121762A0F00A02CAC /* Main.storyboard */,
				5B22CA8321762A0F00A02CAC /* IceCreamView.swift */,
			);
			path = Views;
			sourceTree = "<group>";
		};
		5B22CA8421762A0F00A02CAC /* Resources */ = {
			isa = PBXGroup;
			children = (
				5B22CA8521762A0F00A02CAC /* Images.xcassets */,
			);
			path = Resources;
			sourceTree = "<group>";
		};
		79F8D957A1612D617B4B8C98 /* Frameworks */ = {
			isa = PBXGroup;
			children = (
				E1AAB6A565877B0474AE510B /* libPods-RWPickFlavor.a */,
			);
			name = Frameworks;
			sourceTree = "<group>";
		};
/* End PBXGroup section */

/* Begin PBXHeadersBuildPhase section */
		5B22CA60217623E900A02CAC /* Headers */ = {
			isa = PBXHeadersBuildPhase;
			buildActionMask = 2147483647;
			files = (
				5B22CA6A217623E900A02CAC /* RWPickFlavor.h in Headers */,
			);
			runOnlyForDeploymentPostprocessing = 0;
		};
/* End PBXHeadersBuildPhase section */

/* Begin PBXNativeTarget section */
		5B22CA64217623E900A02CAC /* RWPickFlavor */ = {
			isa = PBXNativeTarget;
			buildConfigurationList = 5B22CA6D217623E900A02CAC /* Build configuration list for PBXNativeTarget "RWPickFlavor" */;
			buildPhases = (
				51FF828D107D0285D9281100 /* [CP] Check Pods Manifest.lock */,
				5B22CA60217623E900A02CAC /* Headers */,
				5B22CA61217623E900A02CAC /* Sources */,
				5B22CA62217623E900A02CAC /* Frameworks */,
				5B22CA63217623E900A02CAC /* Resources */,
			);
			buildRules = (
			);
			dependencies = (
			);
			name = RWPickFlavor;
			productName = RWPickFlavor;
			productReference = 5B22CA65217623E900A02CAC /* RWPickFlavor.framework */;
			productType = "com.apple.product-type.framework";
		};
/* End PBXNativeTarget section */

/* Begin PBXProject section */
		5B22CA5C217623E900A02CAC /* Project object */ = {
			isa = PBXProject;
			attributes = {
				LastUpgradeCheck = 1000;
				ORGANIZATIONNAME = "Svt Bolibompa";
				TargetAttributes = {
					5B22CA64217623E900A02CAC = {
						CreatedOnToolsVersion = 10.0;
					};
				};
			};
			buildConfigurationList = 5B22CA5F217623E900A02CAC /* Build configuration list for PBXProject "RWPickFlavor" */;
			compatibilityVersion = "Xcode 9.3";
			developmentRegion = en;
			hasScannedForEncodings = 0;
			knownRegions = (
				en,
				Base,
			);
			mainGroup = 5B22CA5B217623E900A02CAC;
			productRefGroup = 5B22CA66217623E900A02CAC /* Products */;
			projectDirPath = "";
			projectRoot = "";
			targets = (
				5B22CA64217623E900A02CAC /* RWPickFlavor */,
			);
		};
/* End PBXProject section */

/* Begin PBXResourcesBuildPhase section */
		5B22CA63217623E900A02CAC /* Resources */ = {
			isa = PBXResourcesBuildPhase;
			buildActionMask = 2147483647;
			files = (
				5B22CA8C21762A0F00A02CAC /* Main.storyboard in Resources */,
				5B22CA8E21762A0F00A02CAC /* Images.xcassets in Resources */,
			);
			runOnlyForDeploymentPostprocessing = 0;
		};
/* End PBXResourcesBuildPhase section */

/* Begin PBXShellScriptBuildPhase section */
		51FF828D107D0285D9281100 /* [CP] Check Pods Manifest.lock */ = {
			isa = PBXShellScriptBuildPhase;
			buildActionMask = 2147483647;
			files = (
			);
			inputFileListPaths = (
			);
			inputPaths = (
				"${PODS_PODFILE_DIR_PATH}/Podfile.lock",
				"${PODS_ROOT}/Manifest.lock",
			);
			name = "[CP] Check Pods Manifest.lock";
			outputFileListPaths = (
			);
			outputPaths = (
				"$(DERIVED_FILE_DIR)/Pods-RWPickFlavor-checkManifestLockResult.txt",
			);
			runOnlyForDeploymentPostprocessing = 0;
			shellPath = /bin/sh;
			shellScript = "diff \"${PODS_PODFILE_DIR_PATH}/Podfile.lock\" \"${PODS_ROOT}/Manifest.lock\" > /dev/null\nif [ $? != 0 ] ; then\n    # print error to STDERR\n    echo \"error: The sandbox is not in sync with the Podfile.lock. Run 'pod install' or update your CocoaPods installation.\" >&2\n    exit 1\nfi\n# This output is used by Xcode 'outputs' to avoid re-running this script phase.\necho \"SUCCESS\" > \"${SCRIPT_OUTPUT_FILE_0}\"\n";
			showEnvVarsInLog = 0;
		};
/* End PBXShellScriptBuildPhase section */

/* Begin PBXSourcesBuildPhase section */
		5B22CA61217623E900A02CAC /* Sources */ = {
			isa = PBXSourcesBuildPhase;
			buildActionMask = 2147483647;
			files = (
				5B22CA8721762A0F00A02CAC /* RGBAColorFromString.swift in Sources */,
				5B22CA8921762A0F00A02CAC /* PickFlavorDataSource.swift in Sources */,
				5B22CA8621762A0F00A02CAC /* Flavor.swift in Sources */,
				5B22CA8D21762A0F00A02CAC /* IceCreamView.swift in Sources */,
				5B22CA8821762A0F00A02CAC /* PickFlavorViewController.swift in Sources */,
				5B22CA8A21762A0F00A02CAC /* ScoopCell.swift in Sources */,
				5B22CA8B21762A0F00A02CAC /* ScoopView.swift in Sources */,
			);
			runOnlyForDeploymentPostprocessing = 0;
		};
/* End PBXSourcesBuildPhase section */

/* Begin PBXVariantGroup section */
		5B22CA8121762A0F00A02CAC /* Main.storyboard */ = {
			isa = PBXVariantGroup;
			children = (
				5B22CA8221762A0F00A02CAC /* Base */,
			);
			name = Main.storyboard;
			sourceTree = "<group>";
		};
/* End PBXVariantGroup section */

/* Begin XCBuildConfiguration section */
		5B22CA6B217623E900A02CAC /* Debug */ = {
			isa = XCBuildConfiguration;
			buildSettings = {
				ALWAYS_SEARCH_USER_PATHS = NO;
				CLANG_ANALYZER_NONNULL = YES;
				CLANG_ANALYZER_NUMBER_OBJECT_CONVERSION = YES_AGGRESSIVE;
				CLANG_CXX_LANGUAGE_STANDARD = "gnu++14";
				CLANG_CXX_LIBRARY = "libc++";
				CLANG_ENABLE_MODULES = YES;
				CLANG_ENABLE_OBJC_ARC = YES;
				CLANG_ENABLE_OBJC_WEAK = YES;
				CLANG_WARN_BLOCK_CAPTURE_AUTORELEASING = YES;
				CLANG_WARN_BOOL_CONVERSION = YES;
				CLANG_WARN_COMMA = YES;
				CLANG_WARN_CONSTANT_CONVERSION = YES;
				CLANG_WARN_DEPRECATED_OBJC_IMPLEMENTATIONS = YES;
				CLANG_WARN_DIRECT_OBJC_ISA_USAGE = YES_ERROR;
				CLANG_WARN_DOCUMENTATION_COMMENTS = YES;
				CLANG_WARN_EMPTY_BODY = YES;
				CLANG_WARN_ENUM_CONVERSION = YES;
				CLANG_WARN_INFINITE_RECURSION = YES;
				CLANG_WARN_INT_CONVERSION = YES;
				CLANG_WARN_NON_LITERAL_NULL_CONVERSION = YES;
				CLANG_WARN_OBJC_IMPLICIT_RETAIN_SELF = YES;
				CLANG_WARN_OBJC_LITERAL_CONVERSION = YES;
				CLANG_WARN_OBJC_ROOT_CLASS = YES_ERROR;
				CLANG_WARN_RANGE_LOOP_ANALYSIS = YES;
				CLANG_WARN_STRICT_PROTOTYPES = YES;
				CLANG_WARN_SUSPICIOUS_MOVE = YES;
				CLANG_WARN_UNGUARDED_AVAILABILITY = YES_AGGRESSIVE;
				CLANG_WARN_UNREACHABLE_CODE = YES;
				CLANG_WARN__DUPLICATE_METHOD_MATCH = YES;
				CODE_SIGN_IDENTITY = "iPhone Developer";
				COPY_PHASE_STRIP = NO;
				CURRENT_PROJECT_VERSION = 1;
				DEBUG_INFORMATION_FORMAT = dwarf;
				ENABLE_STRICT_OBJC_MSGSEND = YES;
				ENABLE_TESTABILITY = YES;
				GCC_C_LANGUAGE_STANDARD = gnu11;
				GCC_DYNAMIC_NO_PIC = NO;
				GCC_NO_COMMON_BLOCKS = YES;
				GCC_OPTIMIZATION_LEVEL = 0;
				GCC_PREPROCESSOR_DEFINITIONS = (
					"DEBUG=1",
					"$(inherited)",
				);
				GCC_WARN_64_TO_32_BIT_CONVERSION = YES;
				GCC_WARN_ABOUT_RETURN_TYPE = YES_ERROR;
				GCC_WARN_UNDECLARED_SELECTOR = YES;
				GCC_WARN_UNINITIALIZED_AUTOS = YES_AGGRESSIVE;
				GCC_WARN_UNUSED_FUNCTION = YES;
				GCC_WARN_UNUSED_VARIABLE = YES;
				IPHONEOS_DEPLOYMENT_TARGET = 12.0;
				MTL_ENABLE_DEBUG_INFO = INCLUDE_SOURCE;
				MTL_FAST_MATH = YES;
				ONLY_ACTIVE_ARCH = YES;
				SDKROOT = iphoneos;
				SWIFT_ACTIVE_COMPILATION_CONDITIONS = DEBUG;
				SWIFT_OPTIMIZATION_LEVEL = "-Onone";
				VERSIONING_SYSTEM = "apple-generic";
				VERSION_INFO_PREFIX = "";
			};
			name = Debug;
		};
		5B22CA6C217623E900A02CAC /* Release */ = {
			isa = XCBuildConfiguration;
			buildSettings = {
				ALWAYS_SEARCH_USER_PATHS = NO;
				CLANG_ANALYZER_NONNULL = YES;
				CLANG_ANALYZER_NUMBER_OBJECT_CONVERSION = YES_AGGRESSIVE;
				CLANG_CXX_LANGUAGE_STANDARD = "gnu++14";
				CLANG_CXX_LIBRARY = "libc++";
				CLANG_ENABLE_MODULES = YES;
				CLANG_ENABLE_OBJC_ARC = YES;
				CLANG_ENABLE_OBJC_WEAK = YES;
				CLANG_WARN_BLOCK_CAPTURE_AUTORELEASING = YES;
				CLANG_WARN_BOOL_CONVERSION = YES;
				CLANG_WARN_COMMA = YES;
				CLANG_WARN_CONSTANT_CONVERSION = YES;
				CLANG_WARN_DEPRECATED_OBJC_IMPLEMENTATIONS = YES;
				CLANG_WARN_DIRECT_OBJC_ISA_USAGE = YES_ERROR;
				CLANG_WARN_DOCUMENTATION_COMMENTS = YES;
				CLANG_WARN_EMPTY_BODY = YES;
				CLANG_WARN_ENUM_CONVERSION = YES;
				CLANG_WARN_INFINITE_RECURSION = YES;
				CLANG_WARN_INT_CONVERSION = YES;
				CLANG_WARN_NON_LITERAL_NULL_CONVERSION = YES;
				CLANG_WARN_OBJC_IMPLICIT_RETAIN_SELF = YES;
				CLANG_WARN_OBJC_LITERAL_CONVERSION = YES;
				CLANG_WARN_OBJC_ROOT_CLASS = YES_ERROR;
				CLANG_WARN_RANGE_LOOP_ANALYSIS = YES;
				CLANG_WARN_STRICT_PROTOTYPES = YES;
				CLANG_WARN_SUSPICIOUS_MOVE = YES;
				CLANG_WARN_UNGUARDED_AVAILABILITY = YES_AGGRESSIVE;
				CLANG_WARN_UNREACHABLE_CODE = YES;
				CLANG_WARN__DUPLICATE_METHOD_MATCH = YES;
				CODE_SIGN_IDENTITY = "iPhone Developer";
				COPY_PHASE_STRIP = NO;
				CURRENT_PROJECT_VERSION = 1;
				DEBUG_INFORMATION_FORMAT = "dwarf-with-dsym";
				ENABLE_NS_ASSERTIONS = NO;
				ENABLE_STRICT_OBJC_MSGSEND = YES;
				GCC_C_LANGUAGE_STANDARD = gnu11;
				GCC_NO_COMMON_BLOCKS = YES;
				GCC_WARN_64_TO_32_BIT_CONVERSION = YES;
				GCC_WARN_ABOUT_RETURN_TYPE = YES_ERROR;
				GCC_WARN_UNDECLARED_SELECTOR = YES;
				GCC_WARN_UNINITIALIZED_AUTOS = YES_AGGRESSIVE;
				GCC_WARN_UNUSED_FUNCTION = YES;
				GCC_WARN_UNUSED_VARIABLE = YES;
				IPHONEOS_DEPLOYMENT_TARGET = 12.0;
				MTL_ENABLE_DEBUG_INFO = NO;
				MTL_FAST_MATH = YES;
				SDKROOT = iphoneos;
				SWIFT_COMPILATION_MODE = wholemodule;
				SWIFT_OPTIMIZATION_LEVEL = "-O";
				VALIDATE_PRODUCT = YES;
				VERSIONING_SYSTEM = "apple-generic";
				VERSION_INFO_PREFIX = "";
			};
			name = Release;
		};
		5B22CA6E217623E900A02CAC /* Debug */ = {
			isa = XCBuildConfiguration;
			baseConfigurationReference = 72F955FB109F3C9FCA5F23B1 /* Pods-RWPickFlavor.debug.xcconfig */;
			buildSettings = {
				CODE_SIGN_IDENTITY = "";
				CODE_SIGN_STYLE = Automatic;
				DEFINES_MODULE = YES;
				DEVELOPMENT_TEAM = 7V5S6C5MZ2;
				DYLIB_COMPATIBILITY_VERSION = 1;
				DYLIB_CURRENT_VERSION = 1;
				DYLIB_INSTALL_NAME_BASE = "@rpath";
				INFOPLIST_FILE = RWPickFlavor/Info.plist;
				INSTALL_PATH = "$(LOCAL_LIBRARY_DIR)/Frameworks";
				LD_RUNPATH_SEARCH_PATHS = (
					"$(inherited)",
					"@executable_path/Frameworks",
					"@loader_path/Frameworks",
				);
				PRODUCT_BUNDLE_IDENTIFIER = se.svt.boli.ios.RWPickFlavor;
				PRODUCT_NAME = "$(TARGET_NAME:c99extidentifier)";
				SKIP_INSTALL = YES;
				SWIFT_VERSION = 4.2;
				TARGETED_DEVICE_FAMILY = "1,2";
			};
			name = Debug;
		};
		5B22CA6F217623E900A02CAC /* Release */ = {
			isa = XCBuildConfiguration;
			baseConfigurationReference = 47AB8FF741616B1EEEE8C9D6 /* Pods-RWPickFlavor.release.xcconfig */;
			buildSettings = {
				CODE_SIGN_IDENTITY = "";
				CODE_SIGN_STYLE = Automatic;
				DEFINES_MODULE = YES;
				DEVELOPMENT_TEAM = 7V5S6C5MZ2;
				DYLIB_COMPATIBILITY_VERSION = 1;
				DYLIB_CURRENT_VERSION = 1;
				DYLIB_INSTALL_NAME_BASE = "@rpath";
				INFOPLIST_FILE = RWPickFlavor/Info.plist;
				INSTALL_PATH = "$(LOCAL_LIBRARY_DIR)/Frameworks";
				LD_RUNPATH_SEARCH_PATHS = (
					"$(inherited)",
					"@executable_path/Frameworks",
					"@loader_path/Frameworks",
				);
				PRODUCT_BUNDLE_IDENTIFIER = se.svt.boli.ios.RWPickFlavor;
				PRODUCT_NAME = "$(TARGET_NAME:c99extidentifier)";
				SKIP_INSTALL = YES;
				SWIFT_VERSION = 4.2;
				TARGETED_DEVICE_FAMILY = "1,2";
			};
			name = Release;
		};
/* End XCBuildConfiguration section */

/* Begin XCConfigurationList section */
		5B22CA5F217623E900A02CAC /* Build configuration list for PBXProject "RWPickFlavor" */ = {
			isa = XCConfigurationList;
			buildConfigurations = (
				5B22CA6B217623E900A02CAC /* Debug */,
				5B22CA6C217623E900A02CAC /* Release */,
			);
			defaultConfigurationIsVisible = 0;
			defaultConfigurationName = Release;
		};
		5B22CA6D217623E900A02CAC /* Build configuration list for PBXNativeTarget "RWPickFlavor" */ = {
			isa = XCConfigurationList;
			buildConfigurations = (
				5B22CA6E217623E900A02CAC /* Debug */,
				5B22CA6F217623E900A02CAC /* Release */,
			);
			defaultConfigurationIsVisible = 0;
			defaultConfigurationName = Release;
		};
/* End XCConfigurationList section */
	};
	rootObject = 5B22CA5C217623E900A02CAC /* Project object */;
}
